
Microsoft Visual Studio Solution File, Format Version 12.00
# Visual Studio Version 16
VisualStudioVersion = 16.0.33027.164
MinimumVisualStudioVersion = 10.0.40219.1
Project("{FAE04EC0-301F-11D3-BF4B-00C04F79EFBC}") = "ConsoleApp1", "ConsoleApp1.csproj", "{8E730D32-29FB-4FA9-8F6B-6437A5EAB86F}"
EndProject
Global
	GlobalSection(SolutionConfigurationPlatforms) = preSolution
		Debug|Any CPU = Debug|Any CPU
		Release|Any CPU = Release|Any CPU
	EndGlobalSection
	GlobalSection(ProjectConfigurationPlatforms) = postSolution
		{8E730D32-29FB-4FA9-8F6B-6437A5EAB86F}.Debug|Any CPU.ActiveCfg = Debug|Any CPU
		{8E730D32-29FB-4FA9-8F6B-6437A5EAB86F}.Debug|Any CPU.Build.0 = Debug|Any CPU
		{8E730D32-29FB-4FA9-8F6B-6437A5EAB86F}.Release|Any CPU.ActiveCfg = Release|Any CPU
		{8E730D32-29FB-4FA9-8F6B-6437A5EAB86F}.Release|Any CPU.Build.0 = Release|Any CPU
	EndGlobalSection
	GlobalSection(SolutionProperties) = preSolution
		HideSolutionNode = FALSE
	EndGlobalSection
	GlobalSection(ExtensibilityGlobals) = postSolution
		SolutionGuid = {DF07A727-EEAA-428F-B800-743532B9A1ED}
	EndGlobalSection
EndGlobal
